{
  "name": "cours-IFT3225",
  "lockfileVersion": 3,
  "requires": true,
  "packages": {
    "": {
      "dependencies": {
        "@dnd-kit/react": "^0.4.0"
      }
    },
    "node_modules/@dnd-kit/abstract": {
      "version": "0.4.0",
      "resolved": "https://registry.npmjs.org/@dnd-kit/abstract/-/abstract-0.4.0.tgz",
      "integrity": "sha512-loEEJxKT5oLOLeRBJVTO9qpgvvW/Qq902xO20v1JMbpANuN/NLurUdpxIwNpVz+RtOSyzznnbc7lO7psmOhc9A==",
      "license": "MIT",
      "dependencies": {
        "@dnd-kit/geometry": "^0.4.0",
        "@dnd-kit/state": "^0.4.0",
        "tslib": "^2.6.2"
      }
    },
    "node_modules/@dnd-kit/collision": {
      "version": "0.4.0",
      "resolved": "https://registry.npmjs.org/@dnd-kit/collision/-/collision-0.4.0.tgz",
      "integrity": "sha512-oOHHUkH1h9Vl2m8TwLw/mPHA7Blf+s0PYcRoLNWNBVxDzugJKZo8WdpU58EMu9qkqyQGrR/YTOozGiMPhlqZ5Q==",
      "license": "MIT",
      "dependencies": {
        "@dnd-kit/abstract": "^0.4.0",
        "@dnd-kit/geometry": "^0.4.0",
        "tslib": "^2.6.2"
      }
    },
    "node_modules/@dnd-kit/dom": {
      "version": "0.4.0",
      "resolved": "https://registry.npmjs.org/@dnd-kit/dom/-/dom-0.4.0.tgz",
      "integrity": "sha512-mJDKt0BtlHXetZyrvZXh6++aycleIbYWH/OVC4nlszDh8NvW7q8dfsxFllR5RtLKLcykLaI4o545Figfks/HZQ==",
      "license": "MIT",
      "dependencies": {
        "@dnd-kit/abstract": "^0.4.0",
        "@dnd-kit/collision": "^0.4.0",
        "@dnd-kit/geometry": "^0.4.0",
        "@dnd-kit/state": "^0.4.0",
        "tslib": "^2.6.2"
      }
    },
    "node_modules/@dnd-kit/geometry": {
      "version": "0.4.0",
      "resolved": "https://registry.npmjs.org/@dnd-kit/geometry/-/geometry-0.4.0.tgz",
      "integrity": "sha512-d1n+CU54V/qF/g792bmJK2oR4f5jOL7Pls2IfC+j9f5UBECpjsYbcPZ/krom/z8LgieqvMh1qrUkdcBjJJ7vpg==",
      "license": "MIT",
      "dependencies": {
        "@dnd-kit/state": "^0.4.0",
        "tslib": "^2.6.2"
      }
    },
    "node_modules/@dnd-kit/react": {
      "version": "0.4.0",
      "resolved": "https://registry.npmjs.org/@dnd-kit/react/-/react-0.4.0.tgz",
      "integrity": "sha512-J2/N4CpQf98zJBZhMljDNsc+QR4VtUKU9BRO1+Di4OGaB1qafMC4qZ11xKXOkjw+d7h82FRSXmXCo0c8+VWaWg==",
      "license": "MIT",
      "dependencies": {
        "@dnd-kit/abstract": "^0.4.0",
        "@dnd-kit/dom": "^0.4.0",
        "@dnd-kit/state": "^0.4.0",
        "tslib": "^2.6.2"
      },
      "peerDependencies": {
        "react": "^18.0.0 || ^19.0.0",
        "react-dom": "^18.0.0 || ^19.0.0"
      }
    },
    "node_modules/@dnd-kit/state": {
      "version": "0.4.0",
      "resolved": "https://registry.npmjs.org/@dnd-kit/state/-/state-0.4.0.tgz",
      "integrity": "sha512-vVdwOY9VsYdMNa7Z0xQhTXlzHqCcCugGuoM1kzvZhnZ0tYVPRdmIhWfeO6Y2ZoN92JwYAyJRRNl4ICkEe2mneg==",
      "license": "MIT",
      "dependencies": {
        "@preact/signals-core": "^1.10.0",
        "tslib": "^2.6.2"
      }
    },
    "node_modules/@preact/signals-core": {
      "version": "1.14.2",
      "resolved": "https://registry.npmjs.org/@preact/signals-core/-/signals-core-1.14.2.tgz",
      "integrity": "sha512-RZHdBj9ZF4n40Rp4jS052EHHjBWf96P9oNdXPfhQTovCuWY9iQn3Gq+gOTJSgBO9A/JBuPfMOWsSX/lIU9Pc/A==",
      "license": "MIT",
      "funding": {
        "type": "opencollective",
        "url": "https://opencollective.com/preact"
      }
    },
    "node_modules/react": {
      "version": "19.2.7",
      "resolved": "https://registry.npmjs.org/react/-/react-19.2.7.tgz",
      "integrity": "sha512-HNe9WslTbXmFK8o8cmwgAeJFSBvt1bPdHCVKtaaV+WlAN36mpT4hcRpwbf3fY56ar2oIXzsBpOAiIRHAdY0OlQ==",
      "license": "MIT",
      "peer": true,
      "engines": {
        "node": ">=0.10.0"
      }
    },
    "node_modules/react-dom": {
      "version": "19.2.7",
      "resolved": "https://registry.npmjs.org/react-dom/-/react-dom-19.2.7.tgz",
      "integrity": "sha512-t0BRVXvbiE/o20Hfw669rLbMCDWtYZLvmJigy2f0MxsXF+71pxhR3xOkspmsO8h3ZlNzyibAmtCa3l4lYKk6gQ==",
      "license": "MIT",
      "peer": true,
      "dependencies": {
        "scheduler": "^0.27.0"
      },
      "peerDependencies": {
        "react": "^19.2.7"
      }
    },
    "node_modules/scheduler": {
      "version": "0.27.0",
      "resolved": "https://registry.npmjs.org/scheduler/-/scheduler-0.27.0.tgz",
      "integrity": "sha512-eNv+WrVbKu1f3vbYJT/xtiF5syA5HPIMtf9IgY/nKg0sWqzAUEvqY/xm7OcZc/qafLx/iO9FgOmeSAp4v5ti/Q==",
      "license": "MIT",
      "peer": true
    },
    "node_modules/tslib": {
      "version": "2.8.1",
      "resolved": "https://registry.npmjs.org/tslib/-/tslib-2.8.1.tgz",
      "integrity": "sha512-oJFu94HQb+KVduSUQL7wnpmqnfmLsOA/nAh6b6EH0wCEoK0/mPeXU6c3wKDV83MkOuHPRHtSXKKU99IBazS/2w==",
      "license": "0BSD"
    }
  }
}
